// !$*UTF8*$!
{
	archiveVersion = 1;
	classes = {
	};
	objectVersion = 77;
	objects = {

/* Begin PBXBuildFile section */
		DE5966362EA0C29500A549CD /* FirebaseAI in Frameworks */ = {isa = PBXBuildFile; productRef = DE5966352EA0C29500A549CD /* FirebaseAI */; };
		DE5966382EA0C29500A549CD /* FirebaseAnalytics in Frameworks */ = {isa = PBXBuildFile; productRef = DE5966372EA0C29500A549CD /* FirebaseAnalytics */; };
		DE59663A2EA0C29500A549CD /* FirebaseAnalyticsCore in Frameworks */ = {isa = PBXBuildFile; productRef = DE5966392EA0C29500A549CD /* FirebaseAnalyticsCore */; };
		DE59663C2EA0C29500A549CD /* FirebaseAnalyticsIdentitySupport in Frameworks */ = {isa = PBXBuildFile; productRef = DE59663B2EA0C29500A549CD /* FirebaseAnalyticsIdentitySupport */; };
		DE59663E2EA0C29500A549CD /* FirebaseAppCheck in Frameworks */ = {isa = PBXBuildFile; productRef = DE59663D2EA0C29500A549CD /* FirebaseAppCheck */; };
		DE5966402EA0C29500A549CD /* FirebaseAppDistribution-Beta in Frameworks */ = {isa = PBXBuildFile; productRef = DE59663F2EA0C29500A549CD /* FirebaseAppDistribution-Beta */; };
		DE5966422EA0C29500A549CD /* FirebaseAuth in Frameworks */ = {isa = PBXBuildFile; productRef = DE5966412EA0C29500A549CD /* FirebaseAuth */; };
		DE5966442EA0C29500A549CD /* FirebaseAuthCombine-Community in Frameworks */ = {isa = PBXBuildFile; productRef = DE5966432EA0C29500A549CD /* FirebaseAuthCombine-Community */; };
		DE5966462EA0C29500A549CD /* FirebaseCore in Frameworks */ = {isa = PBXBuildFile; productRef = DE5966452EA0C29500A549CD /* FirebaseCore */; };
		DE5966482EA0C29500A549CD /* FirebaseCrashlytics in Frameworks */ = {isa = PBXBuildFile; productRef = DE5966472EA0C29500A549CD /* FirebaseCrashlytics */; };
		DE59664A2EA0C29500A549CD /* FirebaseDatabase in Frameworks */ = {isa = PBXBuildFile; productRef = DE5966492EA0C29500A549CD /* FirebaseDatabase */; };
		DE59664C2EA0C29500A549CD /* FirebaseFirestore in Frameworks */ = {isa = PBXBuildFile; productRef = DE59664B2EA0C29500A549CD /* FirebaseFirestore */; };
		DE59664E2EA0C29500A549CD /* FirebaseFirestoreCombine-Community in Frameworks */ = {isa = PBXBuildFile; productRef = DE59664D2EA0C29500A549CD /* FirebaseFirestoreCombine-Community */; };
		DE5966502EA0C29500A549CD /* FirebaseFunctions in Frameworks */ = {isa = PBXBuildFile; productRef = DE59664F2EA0C29500A549CD /* FirebaseFunctions */; };
		DE5966522EA0C29500A549CD /* FirebaseFunctionsCombine-Community in Frameworks */ = {isa = PBXBuildFile; productRef = DE5966512EA0C29500A549CD /* FirebaseFunctionsCombine-Community */; };
		DE5966542EA0C29500A549CD /* FirebaseInAppMessaging-Beta in Frameworks */ = {isa = PBXBuildFile; productRef = DE5966532EA0C29500A549CD /* FirebaseInAppMessaging-Beta */; };
		DE5966562EA0C29500A549CD /* FirebaseInstallations in Frameworks */ = {isa = PBXBuildFile; productRef = DE5966552EA0C29500A549CD /* FirebaseInstallations */; };
		DE5966582EA0C29500A549CD /* FirebaseMLModelDownloader in Frameworks */ = {isa = PBXBuildFile; productRef = DE5966572EA0C29500A549CD /* FirebaseMLModelDownloader */; };
		DE59665A2EA0C29500A549CD /* FirebaseMessaging in Frameworks */ = {isa = PBXBuildFile; productRef = DE5966592EA0C29500A549CD /* FirebaseMessaging */; };
		DE59665C2EA0C29500A549CD /* FirebasePerformance in Frameworks */ = {isa = PBXBuildFile; productRef = DE59665B2EA0C29500A549CD /* FirebasePerformance */; };
		DE59665E2EA0C29500A549CD /* FirebaseRemoteConfig in Frameworks */ = {isa = PBXBuildFile; productRef = DE59665D2EA0C29500A549CD /* FirebaseRemoteConfig */; };
		DE5966602EA0C29500A549CD /* FirebaseStorage in Frameworks */ = {isa = PBXBuildFile; productRef = DE59665F2EA0C29500A549CD /* FirebaseStorage */; };
		DE5966622EA0C29500A549CD /* FirebaseStorageCombine-Community in Frameworks */ = {isa = PBXBuildFile; productRef = DE5966612EA0C29500A549CD /* FirebaseStorageCombine-Community */; };
/* End PBXBuildFile section */

/* Begin PBXFileReference section */
		DE90FB7A2E80827F00AB88CE /* Aconchego.app */ = {isa = PBXFileReference; explicitFileType = wrapper.application; includeInIndex = 0; path = Aconchego.app; sourceTree = BUILT_PRODUCTS_DIR; };
/* End PBXFileReference section */

/* Begin PBXFileSystemSynchronizedRootGroup section */
		DE90FB8F2E8082E800AB88CE /* Project */ = {
			isa = PBXFileSystemSynchronizedRootGroup;
			path = Project;
			sourceTree = "<group>";
		};
/* End PBXFileSystemSynchronizedRootGroup section */

/* Begin PBXFrameworksBuildPhase section */
		DE90FB772E80827F00AB88CE /* Frameworks */ = {
			isa = PBXFrameworksBuildPhase;
			buildActionMask = 2147483647;
			files = (
				DE59664E2EA0C29500A549CD /* FirebaseFirestoreCombine-Community in Frameworks */,
				DE5966502EA0C29500A549CD /* FirebaseFunctions in Frameworks */,
				DE59665C2EA0C29500A549CD /* FirebasePerformance in Frameworks */,
				DE5966622EA0C29500A549CD /* FirebaseStorageCombine-Community in Frameworks */,
				DE59665E2EA0C29500A549CD /* FirebaseRemoteConfig in Frameworks */,
				DE59663C2EA0C29500A549CD /* FirebaseAnalyticsIdentitySupport in Frameworks */,
				DE5966382EA0C29500A549CD /* FirebaseAnalytics in Frameworks */,
				DE59663A2EA0C29500A549CD /* FirebaseAnalyticsCore in Frameworks */,
				DE59663E2EA0C29500A549CD /* FirebaseAppCheck in Frameworks */,
				DE5966362EA0C29500A549CD /* FirebaseAI in Frameworks */,
				DE59664C2EA0C29500A549CD /* FirebaseFirestore in Frameworks */,
				DE59665A2EA0C29500A549CD /* FirebaseMessaging in Frameworks */,
				DE5966562EA0C29500A549CD /* FirebaseInstallations in Frameworks */,
				DE5966522EA0C29500A549CD /* FirebaseFunctionsCombine-Community in Frameworks */,
				DE5966422EA0C29500A549CD /* FirebaseAuth in Frameworks */,
				DE5966402EA0C29500A549CD /* FirebaseAppDistribution-Beta in Frameworks */,
				DE5966542EA0C29500A549CD /* FirebaseInAppMessaging-Beta in Frameworks */,
				DE5966482EA0C29500A549CD /* FirebaseCrashlytics in Frameworks */,
				DE59664A2EA0C29500A549CD /* FirebaseDatabase in Frameworks */,
				DE5966582EA0C29500A549CD /* FirebaseMLModelDownloader in Frameworks */,
				DE5966602EA0C29500A549CD /* FirebaseStorage in Frameworks */,
				DE5966462EA0C29500A549CD /* FirebaseCore in Frameworks */,
				DE5966442EA0C29500A549CD /* FirebaseAuthCombine-Community in Frameworks */,
			);
			runOnlyForDeploymentPostprocessing = 0;
		};
/* End PBXFrameworksBuildPhase section */

/* Begin PBXGroup section */
		DE5966662EA0C47600A549CD /* Frameworks */ = {
			isa = PBXGroup;
			children = (
			);
			name = Frameworks;
			sourceTree = "<group>";
		};
		DE90FB712E80827F00AB88CE = {
			isa = PBXGroup;
			children = (
				DE90FB8F2E8082E800AB88CE /* Project */,
				DE5966662EA0C47600A549CD /* Frameworks */,
				DE90FB7B2E80827F00AB88CE /* Products */,
			);
			sourceTree = "<group>";
		};
		DE90FB7B2E80827F00AB88CE /* Products */ = {
			isa = PBXGroup;
			children = (
				DE90FB7A2E80827F00AB88CE /* Aconchego.app */,
			);
			name = Products;
			sourceTree = "<group>";
		};
/* End PBXGroup section */

/* Begin PBXNativeTarget section */
		DE90FB792E80827F00AB88CE /* Aconchego */ = {
			isa = PBXNativeTarget;
			buildConfigurationList = DE90FB852E80828000AB88CE /* Build configuration list for PBXNativeTarget "Aconchego" */;
			buildPhases = (
				DE90FB762E80827F00AB88CE /* Sources */,
				DE90FB772E80827F00AB88CE /* Frameworks */,
				DE90FB782E80827F00AB88CE /* Resources */,
			);
			buildRules = (
			);
			dependencies = (
			);
			fileSystemSynchronizedGroups = (
				DE90FB8F2E8082E800AB88CE /* Project */,
			);
			name = Aconchego;
			packageProductDependencies = (
				DE5966352EA0C29500A549CD /* FirebaseAI */,
				DE5966372EA0C29500A549CD /* FirebaseAnalytics */,
				DE5966392EA0C29500A549CD /* FirebaseAnalyticsCore */,
				DE59663B2EA0C29500A549CD /* FirebaseAnalyticsIdentitySupport */,
				DE59663D2EA0C29500A549CD /* FirebaseAppCheck */,
				DE59663F2EA0C29500A549CD /* FirebaseAppDistribution-Beta */,
				DE5966412EA0C29500A549CD /* FirebaseAuth */,
				DE5966432EA0C29500A549CD /* FirebaseAuthCombine-Community */,
				DE5966452EA0C29500A549CD /* FirebaseCore */,
				DE5966472EA0C29500A549CD /* FirebaseCrashlytics */,
				DE5966492EA0C29500A549CD /* FirebaseDatabase */,
				DE59664B2EA0C29500A549CD /* FirebaseFirestore */,
				DE59664D2EA0C29500A549CD /* FirebaseFirestoreCombine-Community */,
				DE59664F2EA0C29500A549CD /* FirebaseFunctions */,
				DE5966512EA0C29500A549CD /* FirebaseFunctionsCombine-Community */,
				DE5966532EA0C29500A549CD /* FirebaseInAppMessaging-Beta */,
				DE5966552EA0C29500A549CD /* FirebaseInstallations */,
				DE5966572EA0C29500A549CD /* FirebaseMLModelDownloader */,
				DE5966592EA0C29500A549CD /* FirebaseMessaging */,
				DE59665B2EA0C29500A549CD /* FirebasePerformance */,
				DE59665D2EA0C29500A549CD /* FirebaseRemoteConfig */,
				DE59665F2EA0C29500A549CD /* FirebaseStorage */,
				DE5966612EA0C29500A549CD /* FirebaseStorageCombine-Community */,
			);
			productName = Aconchego;
			productReference = DE90FB7A2E80827F00AB88CE /* Aconchego.app */;
			productType = "com.apple.product-type.application";
		};
/* End PBXNativeTarget section */

/* Begin PBXProject section */
		DE90FB722E80827F00AB88CE /* Project object */ = {
			isa = PBXProject;
			attributes = {
				BuildIndependentTargetsInParallel = 1;
				LastSwiftUpdateCheck = 1640;
				LastUpgradeCheck = 1640;
				TargetAttributes = {
					DE90FB792E80827F00AB88CE = {
						CreatedOnToolsVersion = 16.4;
					};
				};
			};
			buildConfigurationList = DE90FB752E80827F00AB88CE /* Build configuration list for PBXProject "Aconchego" */;
			developmentRegion = en;
			hasScannedForEncodings = 0;
			knownRegions = (
				en,
				Base,
			);
			mainGroup = DE90FB712E80827F00AB88CE;
			minimizedProjectReferenceProxies = 1;
			packageReferences = (
				DE5966342EA0C29500A549CD /* XCRemoteSwiftPackageReference "firebase-ios-sdk" */,
			);
			preferredProjectObjectVersion = 77;
			productRefGroup = DE90FB7B2E80827F00AB88CE /* Products */;
			projectDirPath = "";
			projectRoot = "";
			targets = (
				DE90FB792E80827F00AB88CE /* Aconchego */,
			);
		};
/* End PBXProject section */

/* Begin PBXResourcesBuildPhase section */
		DE90FB782E80827F00AB88CE /* Resources */ = {
			isa = PBXResourcesBuildPhase;
			buildActionMask = 2147483647;
			files = (
			);
			runOnlyForDeploymentPostprocessing = 0;
		};
/* End PBXResourcesBuildPhase section */

/* Begin PBXSourcesBuildPhase section */
		DE90FB762E80827F00AB88CE /* Sources */ = {
			isa = PBXSourcesBuildPhase;
			buildActionMask = 2147483647;
			files = (
			);
			runOnlyForDeploymentPostprocessing = 0;
		};
/* End PBXSourcesBuildPhase section */

/* Begin XCBuildConfiguration section */
		DE90FB832E80828000AB88CE /* Debug */ = {
			isa = XCBuildConfiguration;
			buildSettings = {
				ALWAYS_SEARCH_USER_PATHS = NO;
				ASSETCATALOG_COMPILER_GENERATE_SWIFT_ASSET_SYMBOL_EXTENSIONS = YES;
				CLANG_ANALYZER_NONNULL = YES;
				CLANG_ANALYZER_NUMBER_OBJECT_CONVERSION = YES_AGGRESSIVE;
				CLANG_CXX_LANGUAGE_STANDARD = "gnu++20";
				CLANG_ENABLE_MODULES = YES;
				CLANG_ENABLE_OBJC_ARC = YES;
				CLANG_ENABLE_OBJC_WEAK = YES;
				CLANG_WARN_BLOCK_CAPTURE_AUTORELEASING = YES;
				CLANG_WARN_BOOL_CONVERSION = YES;
				CLANG_WARN_COMMA = YES;
				CLANG_WARN_CONSTANT_CONVERSION = YES;
				CLANG_WARN_DEPRECATED_OBJC_IMPLEMENTATIONS = YES;
				CLANG_WARN_DIRECT_OBJC_ISA_USAGE = YES_ERROR;
				CLANG_WARN_DOCUMENTATION_COMMENTS = YES;
				CLANG_WARN_EMPTY_BODY = YES;
				CLANG_WARN_ENUM_CONVERSION = YES;
				CLANG_WARN_INFINITE_RECURSION = YES;
				CLANG_WARN_INT_CONVERSION = YES;
				CLANG_WARN_NON_LITERAL_NULL_CONVERSION = YES;
				CLANG_WARN_OBJC_IMPLICIT_RETAIN_SELF = YES;
				CLANG_WARN_OBJC_LITERAL_CONVERSION = YES;
				CLANG_WARN_OBJC_ROOT_CLASS = YES_ERROR;
				CLANG_WARN_QUOTED_INCLUDE_IN_FRAMEWORK_HEADER = YES;
				CLANG_WARN_RANGE_LOOP_ANALYSIS = YES;
				CLANG_WARN_STRICT_PROTOTYPES = YES;
				CLANG_WARN_SUSPICIOUS_MOVE = YES;
				CLANG_WARN_UNGUARDED_AVAILABILITY = YES_AGGRESSIVE;
				CLANG_WARN_UNREACHABLE_CODE = YES;
				CLANG_WARN__DUPLICATE_METHOD_MATCH = YES;
				COPY_PHASE_STRIP = NO;
				DEBUG_INFORMATION_FORMAT = dwarf;
				DEVELOPMENT_TEAM = 7R44VQXQDT;
				ENABLE_STRICT_OBJC_MSGSEND = YES;
				ENABLE_TESTABILITY = YES;
				ENABLE_USER_SCRIPT_SANDBOXING = YES;
				GCC_C_LANGUAGE_STANDARD = gnu17;
				GCC_DYNAMIC_NO_PIC = NO;
				GCC_NO_COMMON_BLOCKS = YES;
				GCC_OPTIMIZATION_LEVEL = 0;
				GCC_PREPROCESSOR_DEFINITIONS = (
					"DEBUG=1",
					"$(inherited)",
				);
				GCC_WARN_64_TO_32_BIT_CONVERSION = YES;
				GCC_WARN_ABOUT_RETURN_TYPE = YES_ERROR;
				GCC_WARN_UNDECLARED_SELECTOR = YES;
				GCC_WARN_UNINITIALIZED_AUTOS = YES_AGGRESSIVE;
				GCC_WARN_UNUSED_FUNCTION = YES;
				GCC_WARN_UNUSED_VARIABLE = YES;
				IPHONEOS_DEPLOYMENT_TARGET = 18.5;
				LOCALIZATION_PREFERS_STRING_CATALOGS = YES;
				MTL_ENABLE_DEBUG_INFO = INCLUDE_SOURCE;
				MTL_FAST_MATH = YES;
				ONLY_ACTIVE_ARCH = YES;
				SDKROOT = iphoneos;
				SWIFT_ACTIVE_COMPILATION_CONDITIONS = "DEBUG $(inherited)";
				SWIFT_OPTIMIZATION_LEVEL = "-Onone";
			};
			name = Debug;
		};
		DE90FB842E80828000AB88CE /* Release */ = {
			isa = XCBuildConfiguration;
			buildSettings = {
				ALWAYS_SEARCH_USER_PATHS = NO;
				ASSETCATALOG_COMPILER_GENERATE_SWIFT_ASSET_SYMBOL_EXTENSIONS = YES;
				CLANG_ANALYZER_NONNULL = YES;
				CLANG_ANALYZER_NUMBER_OBJECT_CONVERSION = YES_AGGRESSIVE;
				CLANG_CXX_LANGUAGE_STANDARD = "gnu++20";
				CLANG_ENABLE_MODULES = YES;
				CLANG_ENABLE_OBJC_ARC = YES;
				CLANG_ENABLE_OBJC_WEAK = YES;
				CLANG_WARN_BLOCK_CAPTURE_AUTORELEASING = YES;
				CLANG_WARN_BOOL_CONVERSION = YES;
				CLANG_WARN_COMMA = YES;
				CLANG_WARN_CONSTANT_CONVERSION = YES;
				CLANG_WARN_DEPRECATED_OBJC_IMPLEMENTATIONS = YES;
				CLANG_WARN_DIRECT_OBJC_ISA_USAGE = YES_ERROR;
				CLANG_WARN_DOCUMENTATION_COMMENTS = YES;
				CLANG_WARN_EMPTY_BODY = YES;
				CLANG_WARN_ENUM_CONVERSION = YES;
				CLANG_WARN_INFINITE_RECURSION = YES;
				CLANG_WARN_INT_CONVERSION = YES;
				CLANG_WARN_NON_LITERAL_NULL_CONVERSION = YES;
				CLANG_WARN_OBJC_IMPLICIT_RETAIN_SELF = YES;
				CLANG_WARN_OBJC_LITERAL_CONVERSION = YES;
				CLANG_WARN_OBJC_ROOT_CLASS = YES_ERROR;
				CLANG_WARN_QUOTED_INCLUDE_IN_FRAMEWORK_HEADER = YES;
				CLANG_WARN_RANGE_LOOP_ANALYSIS = YES;
				CLANG_WARN_STRICT_PROTOTYPES = YES;
				CLANG_WARN_SUSPICIOUS_MOVE = YES;
				CLANG_WARN_UNGUARDED_AVAILABILITY = YES_AGGRESSIVE;
				CLANG_WARN_UNREACHABLE_CODE = YES;
				CLANG_WARN__DUPLICATE_METHOD_MATCH = YES;
				COPY_PHASE_STRIP = NO;
				DEBUG_INFORMATION_FORMAT = "dwarf-with-dsym";
				DEVELOPMENT_TEAM = 7R44VQXQDT;
				ENABLE_NS_ASSERTIONS = NO;
				ENABLE_STRICT_OBJC_MSGSEND = YES;
				ENABLE_USER_SCRIPT_SANDBOXING = YES;
				GCC_C_LANGUAGE_STANDARD = gnu17;
				GCC_NO_COMMON_BLOCKS = YES;
				GCC_WARN_64_TO_32_BIT_CONVERSION = YES;
				GCC_WARN_ABOUT_RETURN_TYPE = YES_ERROR;
				GCC_WARN_UNDECLARED_SELECTOR = YES;
				GCC_WARN_UNINITIALIZED_AUTOS = YES_AGGRESSIVE;
				GCC_WARN_UNUSED_FUNCTION = YES;
				GCC_WARN_UNUSED_VARIABLE = YES;
				IPHONEOS_DEPLOYMENT_TARGET = 18.5;
				LOCALIZATION_PREFERS_STRING_CATALOGS = YES;
				MTL_ENABLE_DEBUG_INFO = NO;
				MTL_FAST_MATH = YES;
				SDKROOT = iphoneos;
				SWIFT_COMPILATION_MODE = wholemodule;
				VALIDATE_PRODUCT = YES;
			};
			name = Release;
		};
		DE90FB862E80828000AB88CE /* Debug */ = {
			isa = XCBuildConfiguration;
			buildSettings = {
				ASSETCATALOG_COMPILER_APPICON_NAME = AppIcon;
				ASSETCATALOG_COMPILER_GLOBAL_ACCENT_COLOR_NAME = AccentColor;
				CODE_SIGN_STYLE = Automatic;
				CURRENT_PROJECT_VERSION = 1;
				DEVELOPMENT_TEAM = 7R44VQXQDT;
				ENABLE_PREVIEWS = YES;
				GENERATE_INFOPLIST_FILE = YES;
				INFOPLIST_KEY_UIApplicationSceneManifest_Generation = YES;
				INFOPLIST_KEY_UIApplicationSupportsIndirectInputEvents = YES;
				INFOPLIST_KEY_UILaunchScreen_Generation = YES;
				INFOPLIST_KEY_UISupportedInterfaceOrientations_iPad = "UIInterfaceOrientationPortrait UIInterfaceOrientationPortraitUpsideDown UIInterfaceOrientationLandscapeLeft UIInterfaceOrientationLandscapeRight";
				INFOPLIST_KEY_UISupportedInterfaceOrientations_iPhone = "UIInterfaceOrientationPortrait UIInterfaceOrientationLandscapeLeft UIInterfaceOrientationLandscapeRight";
				LD_RUNPATH_SEARCH_PATHS = (
					"$(inherited)",
					"@executable_path/Frameworks",
				);
				MARKETING_VERSION = 1.0;
				PRODUCT_BUNDLE_IDENTIFIER = thigas.Aconchego;
				PRODUCT_NAME = "$(TARGET_NAME)";
				SWIFT_EMIT_LOC_STRINGS = YES;
				SWIFT_VERSION = 5.0;
				TARGETED_DEVICE_FAMILY = "1,2";
			};
			name = Debug;
		};
		DE90FB872E80828000AB88CE /* Release */ = {
			isa = XCBuildConfiguration;
			buildSettings = {
				ASSETCATALOG_COMPILER_APPICON_NAME = AppIcon;
				ASSETCATALOG_COMPILER_GLOBAL_ACCENT_COLOR_NAME = AccentColor;
				CODE_SIGN_STYLE = Automatic;
				CURRENT_PROJECT_VERSION = 1;
				DEVELOPMENT_TEAM = 7R44VQXQDT;
				ENABLE_PREVIEWS = YES;
				GENERATE_INFOPLIST_FILE = YES;
				INFOPLIST_KEY_UIApplicationSceneManifest_Generation = YES;
				INFOPLIST_KEY_UIApplicationSupportsIndirectInputEvents = YES;
				INFOPLIST_KEY_UILaunchScreen_Generation = YES;
				INFOPLIST_KEY_UISupportedInterfaceOrientations_iPad = "UIInterfaceOrientationPortrait UIInterfaceOrientationPortraitUpsideDown UIInterfaceOrientationLandscapeLeft UIInterfaceOrientationLandscapeRight";
				INFOPLIST_KEY_UISupportedInterfaceOrientations_iPhone = "UIInterfaceOrientationPortrait UIInterfaceOrientationLandscapeLeft UIInterfaceOrientationLandscapeRight";
				LD_RUNPATH_SEARCH_PATHS = (
					"$(inherited)",
					"@executable_path/Frameworks",
				);
				MARKETING_VERSION = 1.0;
				PRODUCT_BUNDLE_IDENTIFIER = thigas.Aconchego;
				PRODUCT_NAME = "$(TARGET_NAME)";
				SWIFT_EMIT_LOC_STRINGS = YES;
				SWIFT_VERSION = 5.0;
				TARGETED_DEVICE_FAMILY = "1,2";
			};
			name = Release;
		};
/* End XCBuildConfiguration section */

/* Begin XCConfigurationList section */
		DE90FB752E80827F00AB88CE /* Build configuration list for PBXProject "Aconchego" */ = {
			isa = XCConfigurationList;
			buildConfigurations = (
				DE90FB832E80828000AB88CE /* Debug */,
				DE90FB842E80828000AB88CE /* Release */,
			);
			defaultConfigurationIsVisible = 0;
			defaultConfigurationName = Release;
		};
		DE90FB852E80828000AB88CE /* Build configuration list for PBXNativeTarget "Aconchego" */ = {
			isa = XCConfigurationList;
			buildConfigurations = (
				DE90FB862E80828000AB88CE /* Debug */,
				DE90FB872E80828000AB88CE /* Release */,
			);
			defaultConfigurationIsVisible = 0;
			defaultConfigurationName = Release;
		};
/* End XCConfigurationList section */

/* Begin XCRemoteSwiftPackageReference section */
		DE5966342EA0C29500A549CD /* XCRemoteSwiftPackageReference "firebase-ios-sdk" */ = {
			isa = XCRemoteSwiftPackageReference;
			repositoryURL = "https://github.com/firebase/firebase-ios-sdk";
			requirement = {
				kind = upToNextMajorVersion;
				minimumVersion = 12.4.0;
			};
		};
/* End XCRemoteSwiftPackageReference section */

/* Begin XCSwiftPackageProductDependency section */
		DE5966352EA0C29500A549CD /* FirebaseAI */ = {
			isa = XCSwiftPackageProductDependency;
			package = DE5966342EA0C29500A549CD /* XCRemoteSwiftPackageReference "firebase-ios-sdk" */;
			productName = FirebaseAI;
		};
		DE5966372EA0C29500A549CD /* FirebaseAnalytics */ = {
			isa = XCSwiftPackageProductDependency;
			package = DE5966342EA0C29500A549CD /* XCRemoteSwiftPackageReference "firebase-ios-sdk" */;
			productName = FirebaseAnalytics;
		};
		DE5966392EA0C29500A549CD /* FirebaseAnalyticsCore */ = {
			isa = XCSwiftPackageProductDependency;
			package = DE5966342EA0C29500A549CD /* XCRemoteSwiftPackageReference "firebase-ios-sdk" */;
			productName = FirebaseAnalyticsCore;
		};
		DE59663B2EA0C29500A549CD /* FirebaseAnalyticsIdentitySupport */ = {
			isa = XCSwiftPackageProductDependency;
			package = DE5966342EA0C29500A549CD /* XCRemoteSwiftPackageReference "firebase-ios-sdk" */;
			productName = FirebaseAnalyticsIdentitySupport;
		};
		DE59663D2EA0C29500A549CD /* FirebaseAppCheck */ = {
			isa = XCSwiftPackageProductDependency;
			package = DE5966342EA0C29500A549CD /* XCRemoteSwiftPackageReference "firebase-ios-sdk" */;
			productName = FirebaseAppCheck;
		};
		DE59663F2EA0C29500A549CD /* FirebaseAppDistribution-Beta */ = {
			isa = XCSwiftPackageProductDependency;
			package = DE5966342EA0C29500A549CD /* XCRemoteSwiftPackageReference "firebase-ios-sdk" */;
			productName = "FirebaseAppDistribution-Beta";
		};
		DE5966412EA0C29500A549CD /* FirebaseAuth */ = {
			isa = XCSwiftPackageProductDependency;
			package = DE5966342EA0C29500A549CD /* XCRemoteSwiftPackageReference "firebase-ios-sdk" */;
			productName = FirebaseAuth;
		};
		DE5966432EA0C29500A549CD /* FirebaseAuthCombine-Community */ = {
			isa = XCSwiftPackageProductDependency;
			package = DE5966342EA0C29500A549CD /* XCRemoteSwiftPackageReference "firebase-ios-sdk" */;
			productName = "FirebaseAuthCombine-Community";
		};
		DE5966452EA0C29500A549CD /* FirebaseCore */ = {
			isa = XCSwiftPackageProductDependency;
			package = DE5966342EA0C29500A549CD /* XCRemoteSwiftPackageReference "firebase-ios-sdk" */;
			productName = FirebaseCore;
		};
		DE5966472EA0C29500A549CD /* FirebaseCrashlytics */ = {
			isa = XCSwiftPackageProductDependency;
			package = DE5966342EA0C29500A549CD /* XCRemoteSwiftPackageReference "firebase-ios-sdk" */;
			productName = FirebaseCrashlytics;
		};
		DE5966492EA0C29500A549CD /* FirebaseDatabase */ = {
			isa = XCSwiftPackageProductDependency;
			package = DE5966342EA0C29500A549CD /* XCRemoteSwiftPackageReference "firebase-ios-sdk" */;
			productName = FirebaseDatabase;
		};
		DE59664B2EA0C29500A549CD /* FirebaseFirestore */ = {
			isa = XCSwiftPackageProductDependency;
			package = DE5966342EA0C29500A549CD /* XCRemoteSwiftPackageReference "firebase-ios-sdk" */;
			productName = FirebaseFirestore;
		};
		DE59664D2EA0C29500A549CD /* FirebaseFirestoreCombine-Community */ = {
			isa = XCSwiftPackageProductDependency;
			package = DE5966342EA0C29500A549CD /* XCRemoteSwiftPackageReference "firebase-ios-sdk" */;
			productName = "FirebaseFirestoreCombine-Community";
		};
		DE59664F2EA0C29500A549CD /* FirebaseFunctions */ = {
			isa = XCSwiftPackageProductDependency;
			package = DE5966342EA0C29500A549CD /* XCRemoteSwiftPackageReference "firebase-ios-sdk" */;
			productName = FirebaseFunctions;
		};
		DE5966512EA0C29500A549CD /* FirebaseFunctionsCombine-Community */ = {
			isa = XCSwiftPackageProductDependency;
			package = DE5966342EA0C29500A549CD /* XCRemoteSwiftPackageReference "firebase-ios-sdk" */;
			productName = "FirebaseFunctionsCombine-Community";
		};
		DE5966532EA0C29500A549CD /* FirebaseInAppMessaging-Beta */ = {
			isa = XCSwiftPackageProductDependency;
			package = DE5966342EA0C29500A549CD /* XCRemoteSwiftPackageReference "firebase-ios-sdk" */;
			productName = "FirebaseInAppMessaging-Beta";
		};
		DE5966552EA0C29500A549CD /* FirebaseInstallations */ = {
			isa = XCSwiftPackageProductDependency;
			package = DE5966342EA0C29500A549CD /* XCRemoteSwiftPackageReference "firebase-ios-sdk" */;
			productName = FirebaseInstallations;
		};
		DE5966572EA0C29500A549CD /* FirebaseMLModelDownloader */ = {
			isa = XCSwiftPackageProductDependency;
			package = DE5966342EA0C29500A549CD /* XCRemoteSwiftPackageReference "firebase-ios-sdk" */;
			productName = FirebaseMLModelDownloader;
		};
		DE5966592EA0C29500A549CD /* FirebaseMessaging */ = {
			isa = XCSwiftPackageProductDependency;
			package = DE5966342EA0C29500A549CD /* XCRemoteSwiftPackageReference "firebase-ios-sdk" */;
			productName = FirebaseMessaging;
		};
		DE59665B2EA0C29500A549CD /* FirebasePerformance */ = {
			isa = XCSwiftPackageProductDependency;
			package = DE5966342EA0C29500A549CD /* XCRemoteSwiftPackageReference "firebase-ios-sdk" */;
			productName = FirebasePerformance;
		};
		DE59665D2EA0C29500A549CD /* FirebaseRemoteConfig */ = {
			isa = XCSwiftPackageProductDependency;
			package = DE5966342EA0C29500A549CD /* XCRemoteSwiftPackageReference "firebase-ios-sdk" */;
			productName = FirebaseRemoteConfig;
		};
		DE59665F2EA0C29500A549CD /* FirebaseStorage */ = {
			isa = XCSwiftPackageProductDependency;
			package = DE5966342EA0C29500A549CD /* XCRemoteSwiftPackageReference "firebase-ios-sdk" */;
			productName = FirebaseStorage;
		};
		DE5966612EA0C29500A549CD /* FirebaseStorageCombine-Community */ = {
			isa = XCSwiftPackageProductDependency;
			package = DE5966342EA0C29500A549CD /* XCRemoteSwiftPackageReference "firebase-ios-sdk" */;
			productName = "FirebaseStorageCombine-Community";
		};
/* End XCSwiftPackageProductDependency section */
	};
	rootObject = DE90FB722E80827F00AB88CE /* Project object */;
}
